
Microsoft Visual Studio Solution File, Format Version 12.00
# Visual Studio Version 17
VisualStudioVersion = 17.0.31903.59
MinimumVisualStudioVersion = 10.0.40219.1
Project("{9A19103F-16F7-4668-BE54-9A1E7A4F7556}") = "Entities", "Entities\Entities.csproj", "{FAB80304-3DCD-432B-B51F-E2CD46D9B0D0}"
EndProject
Project("{9A19103F-16F7-4668-BE54-9A1E7A4F7556}") = "DAL", "DAL\DAL.csproj", "{92C24D10-61F8-4F6B-99A5-C1F599D0465E}"
EndProject
Project("{9A19103F-16F7-4668-BE54-9A1E7A4F7556}") = "BackEnd", "BackEnd\BackEnd.csproj", "{80A07A71-EBA8-4C42-92E7-F7707BF7B899}"
EndProject
Project("{FAE04EC0-301F-11D3-BF4B-00C04F79EFBC}") = "FrontEnd", "FrontEnd\FrontEnd.csproj", "{399007EE-F159-49B9-BFE0-2035C9E70E5A}"
EndProject
Global
	GlobalSection(SolutionConfigurationPlatforms) = preSolution
		Debug|Any CPU = Debug|Any CPU
		Release|Any CPU = Release|Any CPU
	EndGlobalSection
	GlobalSection(ProjectConfigurationPlatforms) = postSolution
		{FAB80304-3DCD-432B-B51F-E2CD46D9B0D0}.Debug|Any CPU.ActiveCfg = Debug|Any CPU
		{FAB80304-3DCD-432B-B51F-E2CD46D9B0D0}.Debug|Any CPU.Build.0 = Debug|Any CPU
		{FAB80304-3DCD-432B-B51F-E2CD46D9B0D0}.Release|Any CPU.ActiveCfg = Release|Any CPU
		{FAB80304-3DCD-432B-B51F-E2CD46D9B0D0}.Release|Any CPU.Build.0 = Release|Any CPU
		{92C24D10-61F8-4F6B-99A5-C1F599D0465E}.Debug|Any CPU.ActiveCfg = Debug|Any CPU
		{92C24D10-61F8-4F6B-99A5-C1F599D0465E}.Debug|Any CPU.Build.0 = Debug|Any CPU
		{92C24D10-61F8-4F6B-99A5-C1F599D0465E}.Release|Any CPU.ActiveCfg = Release|Any CPU
		{92C24D10-61F8-4F6B-99A5-C1F599D0465E}.Release|Any CPU.Build.0 = Release|Any CPU
		{80A07A71-EBA8-4C42-92E7-F7707BF7B899}.Debug|Any CPU.ActiveCfg = Debug|Any CPU
		{80A07A71-EBA8-4C42-92E7-F7707BF7B899}.Debug|Any CPU.Build.0 = Debug|Any CPU
		{80A07A71-EBA8-4C42-92E7-F7707BF7B899}.Release|Any CPU.ActiveCfg = Release|Any CPU
		{80A07A71-EBA8-4C42-92E7-F7707BF7B899}.Release|Any CPU.Build.0 = Release|Any CPU
		{399007EE-F159-49B9-BFE0-2035C9E70E5A}.Debug|Any CPU.ActiveCfg = Debug|Any CPU
		{399007EE-F159-49B9-BFE0-2035C9E70E5A}.Debug|Any CPU.Build.0 = Debug|Any CPU
		{399007EE-F159-49B9-BFE0-2035C9E70E5A}.Release|Any CPU.ActiveCfg = Release|Any CPU
		{399007EE-F159-49B9-BFE0-2035C9E70E5A}.Release|Any CPU.Build.0 = Release|Any CPU
	EndGlobalSection
	GlobalSection(SolutionProperties) = preSolution
		HideSolutionNode = FALSE
	EndGlobalSection
	GlobalSection(ExtensibilityGlobals) = postSolution
		SolutionGuid = {58A9B7B5-DDBE-4A74-BC18-20B8CBB1E01E}
	EndGlobalSection
EndGlobal
